{
  "object": {
    "pins": [
      {
        "package": "Cryptor",
        "repositoryURL": "https://github.com/Kitura/BlueCryptor.git",
        "state": {
          "branch": null,
          "revision": "88fc6e132f41ece53e49acc0e4f67b0331c15b90",
          "version": "2.0.1"
        }
      },
      {
        "package": "CryptorECC",
        "repositoryURL": "https://github.com/Kitura/BlueECC.git",
        "state": {
          "branch": null,
          "revision": "baf6ed3fc1a622675f0041b4aff7c02dd1a93818",
          "version": "1.2.200"
        }
      },
      {
        "package": "CryptorRSA",
        "repositoryURL": "https://github.com/Kitura/BlueRSA.git",
        "state": {
          "branch": null,
          "revision": "440f78db26d8bb073f29590f1c7bd31004da09ae",
          "version": "1.0.201"
        }
      },
      {
        "package": "KituraContracts",
        "repositoryURL": "https://github.com/Kitura/KituraContracts.git",
        "state": {
          "branch": null,
          "revision": "6edf7ac3dd2b3a2c61284778d430bbad7d8a6f23",
          "version": "2.0.1"
        }
      },
      {
        "package": "LoggerAPI",
        "repositoryURL": "https://github.com/Kitura/LoggerAPI.git",
        "state": {
          "branch": null,
          "revision": "4e6b45e850ffa275e8e26a24c6454fd709d5b6ac",
          "version": "2.0.0"
        }
      },
      {
        "package": "OpenSSL",
        "repositoryURL": "https://github.com/Kitura/OpenSSL.git",
        "state": {
          "branch": null,
          "revision": "5dc8cb4f971135c17343e3c6df4f28904a0600e2",
          "version": "2.3.1"
        }
      },
      {
        "package": "SwiftJWT",
        "repositoryURL": "https://github.com/Kitura/Swift-JWT.git",
        "state": {
          "branch": null,
          "revision": "f68ec28fbd90a651597e9e825ea7f315f8d52a1f",
          "version": "4.0.1"
        }
      },
      {
        "package": "swift-log",
        "repositoryURL": "https://github.com/apple/swift-log.git",
        "state": {
          "branch": null,
          "revision": "5d66f7ba25daf4f94100e7022febf3c75e37a6c7",
          "version": "1.4.2"
        }
      }
    ]
  },
  "version": 1
}
